
Microsoft Visual Studio Solution File, Format Version 12.00
# Visual Studio 15
Project("{FAE04EC0-301F-11D3-BF4B-00C04F79EFBC}") = "FastSpringBone", "FastSpringBone.csproj", "{089F59B4-A162-FF44-487A-1DB1D67C423C}"
EndProject
Project("{FAE04EC0-301F-11D3-BF4B-00C04F79EFBC}") = "UniGLTF", "UniGLTF.csproj", "{BC78513E-68A0-F0F6-1391-19D9E19A1A8A}"
EndProject
Project("{FAE04EC0-301F-11D3-BF4B-00C04F79EFBC}") = "UniHumanoid", "UniHumanoid.csproj", "{ADBECEA3-3F49-0436-1B35-A0FA18148AC9}"
EndProject
Project("{FAE04EC0-301F-11D3-BF4B-00C04F79EFBC}") = "VRM", "VRM.csproj", "{56383DF1-CC76-2813-B8CF-061FC7F90303}"
EndProject
Project("{FAE04EC0-301F-11D3-BF4B-00C04F79EFBC}") = "VRMShaders.GLTF.IO.Runtime", "VRMShaders.GLTF.IO.Runtime.csproj", "{8F975CF6-897F-4B68-E9D0-39ECD953AC85}"
EndProject
Project("{FAE04EC0-301F-11D3-BF4B-00C04F79EFBC}") = "Assembly-CSharp", "Assembly-CSharp.csproj", "{501BD3FF-7F48-2366-810A-1677FF50E37F}"
EndProject
Project("{FAE04EC0-301F-11D3-BF4B-00C04F79EFBC}") = "VRMShaders.VRM10.MToon10.Runtime", "VRMShaders.VRM10.MToon10.Runtime.csproj", "{2B128C73-C64F-7C7D-8D68-C485B735BF06}"
EndProject
Project("{FAE04EC0-301F-11D3-BF4B-00C04F79EFBC}") = "Assembly-CSharp-firstpass", "Assembly-CSharp-firstpass.csproj", "{837A8291-D032-CFF0-E999-81C279C03085}"
EndProject
Project("{FAE04EC0-301F-11D3-BF4B-00C04F79EFBC}") = "VRMShaders.GLTF.UniUnlit.Runtime", "VRMShaders.GLTF.UniUnlit.Runtime.csproj", "{43578465-EDDD-455F-AD72-E6296851D719}"
EndProject
Project("{FAE04EC0-301F-11D3-BF4B-00C04F79EFBC}") = "VRMShaders.VRM.IO.Runtime", "VRMShaders.VRM.IO.Runtime.csproj", "{006981FA-22E7-5DA5-39FD-AC5BF958066F}"
EndProject
Project("{FAE04EC0-301F-11D3-BF4B-00C04F79EFBC}") = "MToon", "MToon.csproj", "{55FC178A-0CB2-16EB-DB4E-83E08292C2E1}"
EndProject
Project("{FAE04EC0-301F-11D3-BF4B-00C04F79EFBC}") = "VRMShaders.VRM10.Format.Runtime", "VRMShaders.VRM10.Format.Runtime.csproj", "{2490FE3E-E812-D67C-C489-9C28DD869E5D}"
EndProject
Project("{FAE04EC0-301F-11D3-BF4B-00C04F79EFBC}") = "UniGLTF.Samples.ScreenSpace", "UniGLTF.Samples.ScreenSpace.csproj", "{38ED16D1-1F06-86BF-419A-3DE49D578E47}"
EndProject
Project("{FAE04EC0-301F-11D3-BF4B-00C04F79EFBC}") = "VRM.Tests", "VRM.Tests.csproj", "{80720D6A-F12A-1DDE-C1C6-A2EDB9BD398C}"
EndProject
Project("{FAE04EC0-301F-11D3-BF4B-00C04F79EFBC}") = "UniGLTF.Tests", "UniGLTF.Tests.csproj", "{042AAE96-B445-59ED-F19F-CDDB353FF770}"
EndProject
Project("{FAE04EC0-301F-11D3-BF4B-00C04F79EFBC}") = "UniGLTF.Editor", "UniGLTF.Editor.csproj", "{2293581C-00EE-1798-1AF2-FC4F0986154A}"
EndProject
Project("{FAE04EC0-301F-11D3-BF4B-00C04F79EFBC}") = "UniVRM.Editor", "UniVRM.Editor.csproj", "{E58EC50A-4F6E-6366-11FA-CD5ABFDC40CA}"
EndProject
Project("{FAE04EC0-301F-11D3-BF4B-00C04F79EFBC}") = "VRMShaders.GLTF.UniUnlit.Editor", "VRMShaders.GLTF.UniUnlit.Editor.csproj", "{A539C7D6-BA2D-A7BA-B8CB-25530E41A497}"
EndProject
Project("{FAE04EC0-301F-11D3-BF4B-00C04F79EFBC}") = "UniHumanoid.Editor", "UniHumanoid.Editor.csproj", "{54B876A5-9A38-52A1-86AA-FB3D95110C69}"
EndProject
Project("{FAE04EC0-301F-11D3-BF4B-00C04F79EFBC}") = "VRMShaders.GLTF.IO.Tests", "VRMShaders.GLTF.IO.Tests.csproj", "{374791E9-A00C-3EA1-1F70-5592F52083D5}"
EndProject
Project("{FAE04EC0-301F-11D3-BF4B-00C04F79EFBC}") = "Assembly-CSharp-Editor-firstpass", "Assembly-CSharp-Editor-firstpass.csproj", "{37B4A155-4116-CA6B-55D5-D165F2D50C30}"
EndProject
Project("{FAE04EC0-301F-11D3-BF4B-00C04F79EFBC}") = "VRMShaders.VRM10.MToon10.Tests", "VRMShaders.VRM10.MToon10.Tests.csproj", "{67E11A1C-DDDB-DFFD-E41A-B10B203FBAF5}"
EndProject
Project("{FAE04EC0-301F-11D3-BF4B-00C04F79EFBC}") = "VRMShaders.VRM10.MToon10.Editor", "VRMShaders.VRM10.MToon10.Editor.csproj", "{800D2830-E196-90D7-A02E-2262798E37F8}"
EndProject
Project("{FAE04EC0-301F-11D3-BF4B-00C04F79EFBC}") = "UniHumanoid.Editor.Tests", "UniHumanoid.Editor.Tests.csproj", "{5C318B02-5578-F4C4-3EE3-EC068DE4CE6B}"
EndProject
Project("{FAE04EC0-301F-11D3-BF4B-00C04F79EFBC}") = "MToon.Editor", "MToon.Editor.csproj", "{63E6BADC-C3C5-7FBE-ABC3-220BFFB1D20B}"
EndProject
Project("{FAE04EC0-301F-11D3-BF4B-00C04F79EFBC}") = "VRM.Samples.Editor.Tests", "VRM.Samples.Editor.Tests.csproj", "{EFDC3C51-8D36-9A76-4C1C-2B65A8313E7F}"
EndProject
Project("{FAE04EC0-301F-11D3-BF4B-00C04F79EFBC}") = "VRMShaders.GLTF.IO.Editor", "VRMShaders.GLTF.IO.Editor.csproj", "{1B04DC57-4969-0C02-64F9-267D56368F40}"
EndProject
Project("{FAE04EC0-301F-11D3-BF4B-00C04F79EFBC}") = "VRMShaders.VRM.IO.Editor", "VRMShaders.VRM.IO.Editor.csproj", "{51B00872-C2F8-B15E-7B66-5EB19ECCBF30}"
EndProject
Project("{FAE04EC0-301F-11D3-BF4B-00C04F79EFBC}") = "Assembly-CSharp-Editor", "Assembly-CSharp-Editor.csproj", "{6C098988-6B17-8BC8-260E-9EECADD29771}"
EndProject
Global
	GlobalSection(SolutionConfigurationPlatforms) = preSolution
		Debug|Any CPU = Debug|Any CPU
		Release|Any CPU = Release|Any CPU
	EndGlobalSection
	GlobalSection(ProjectConfigurationPlatforms) = postSolution
		{089F59B4-A162-FF44-487A-1DB1D67C423C}.Debug|Any CPU.ActiveCfg = Debug|Any CPU
		{089F59B4-A162-FF44-487A-1DB1D67C423C}.Debug|Any CPU.Build.0 = Debug|Any CPU
		{089F59B4-A162-FF44-487A-1DB1D67C423C}.Release|Any CPU.ActiveCfg = Release|Any CPU
		{089F59B4-A162-FF44-487A-1DB1D67C423C}.Release|Any CPU.Build.0 = Release|Any CPU
		{BC78513E-68A0-F0F6-1391-19D9E19A1A8A}.Debug|Any CPU.ActiveCfg = Debug|Any CPU
		{BC78513E-68A0-F0F6-1391-19D9E19A1A8A}.Debug|Any CPU.Build.0 = Debug|Any CPU
		{BC78513E-68A0-F0F6-1391-19D9E19A1A8A}.Release|Any CPU.ActiveCfg = Release|Any CPU
		{BC78513E-68A0-F0F6-1391-19D9E19A1A8A}.Release|Any CPU.Build.0 = Release|Any CPU
		{ADBECEA3-3F49-0436-1B35-A0FA18148AC9}.Debug|Any CPU.ActiveCfg = Debug|Any CPU
		{ADBECEA3-3F49-0436-1B35-A0FA18148AC9}.Debug|Any CPU.Build.0 = Debug|Any CPU
		{ADBECEA3-3F49-0436-1B35-A0FA18148AC9}.Release|Any CPU.ActiveCfg = Release|Any CPU
		{ADBECEA3-3F49-0436-1B35-A0FA18148AC9}.Release|Any CPU.Build.0 = Release|Any CPU
		{56383DF1-CC76-2813-B8CF-061FC7F90303}.Debug|Any CPU.ActiveCfg = Debug|Any CPU
		{56383DF1-CC76-2813-B8CF-061FC7F90303}.Debug|Any CPU.Build.0 = Debug|Any CPU
		{56383DF1-CC76-2813-B8CF-061FC7F90303}.Release|Any CPU.ActiveCfg = Release|Any CPU
		{56383DF1-CC76-2813-B8CF-061FC7F90303}.Release|Any CPU.Build.0 = Release|Any CPU
		{8F975CF6-897F-4B68-E9D0-39ECD953AC85}.Debug|Any CPU.ActiveCfg = Debug|Any CPU
		{8F975CF6-897F-4B68-E9D0-39ECD953AC85}.Debug|Any CPU.Build.0 = Debug|Any CPU
		{8F975CF6-897F-4B68-E9D0-39ECD953AC85}.Release|Any CPU.ActiveCfg = Release|Any CPU
		{8F975CF6-897F-4B68-E9D0-39ECD953AC85}.Release|Any CPU.Build.0 = Release|Any CPU
		{501BD3FF-7F48-2366-810A-1677FF50E37F}.Debug|Any CPU.ActiveCfg = Debug|Any CPU
		{501BD3FF-7F48-2366-810A-1677FF50E37F}.Debug|Any CPU.Build.0 = Debug|Any CPU
		{501BD3FF-7F48-2366-810A-1677FF50E37F}.Release|Any CPU.ActiveCfg = Release|Any CPU
		{501BD3FF-7F48-2366-810A-1677FF50E37F}.Release|Any CPU.Build.0 = Release|Any CPU
		{2B128C73-C64F-7C7D-8D68-C485B735BF06}.Debug|Any CPU.ActiveCfg = Debug|Any CPU
		{2B128C73-C64F-7C7D-8D68-C485B735BF06}.Debug|Any CPU.Build.0 = Debug|Any CPU
		{2B128C73-C64F-7C7D-8D68-C485B735BF06}.Release|Any CPU.ActiveCfg = Release|Any CPU
		{2B128C73-C64F-7C7D-8D68-C485B735BF06}.Release|Any CPU.Build.0 = Release|Any CPU
		{837A8291-D032-CFF0-E999-81C279C03085}.Debug|Any CPU.ActiveCfg = Debug|Any CPU
		{837A8291-D032-CFF0-E999-81C279C03085}.Debug|Any CPU.Build.0 = Debug|Any CPU
		{837A8291-D032-CFF0-E999-81C279C03085}.Release|Any CPU.ActiveCfg = Release|Any CPU
		{837A8291-D032-CFF0-E999-81C279C03085}.Release|Any CPU.Build.0 = Release|Any CPU
		{43578465-EDDD-455F-AD72-E6296851D719}.Debug|Any CPU.ActiveCfg = Debug|Any CPU
		{43578465-EDDD-455F-AD72-E6296851D719}.Debug|Any CPU.Build.0 = Debug|Any CPU
		{43578465-EDDD-455F-AD72-E6296851D719}.Release|Any CPU.ActiveCfg = Release|Any CPU
		{43578465-EDDD-455F-AD72-E6296851D719}.Release|Any CPU.Build.0 = Release|Any CPU
		{006981FA-22E7-5DA5-39FD-AC5BF958066F}.Debug|Any CPU.ActiveCfg = Debug|Any CPU
		{006981FA-22E7-5DA5-39FD-AC5BF958066F}.Debug|Any CPU.Build.0 = Debug|Any CPU
		{006981FA-22E7-5DA5-39FD-AC5BF958066F}.Release|Any CPU.ActiveCfg = Release|Any CPU
		{006981FA-22E7-5DA5-39FD-AC5BF958066F}.Release|Any CPU.Build.0 = Release|Any CPU
		{55FC178A-0CB2-16EB-DB4E-83E08292C2E1}.Debug|Any CPU.ActiveCfg = Debug|Any CPU
		{55FC178A-0CB2-16EB-DB4E-83E08292C2E1}.Debug|Any CPU.Build.0 = Debug|Any CPU
		{55FC178A-0CB2-16EB-DB4E-83E08292C2E1}.Release|Any CPU.ActiveCfg = Release|Any CPU
		{55FC178A-0CB2-16EB-DB4E-83E08292C2E1}.Release|Any CPU.Build.0 = Release|Any CPU
		{2490FE3E-E812-D67C-C489-9C28DD869E5D}.Debug|Any CPU.ActiveCfg = Debug|Any CPU
		{2490FE3E-E812-D67C-C489-9C28DD869E5D}.Debug|Any CPU.Build.0 = Debug|Any CPU
		{2490FE3E-E812-D67C-C489-9C28DD869E5D}.Release|Any CPU.ActiveCfg = Release|Any CPU
		{2490FE3E-E812-D67C-C489-9C28DD869E5D}.Release|Any CPU.Build.0 = Release|Any CPU
		{38ED16D1-1F06-86BF-419A-3DE49D578E47}.Debug|Any CPU.ActiveCfg = Debug|Any CPU
		{38ED16D1-1F06-86BF-419A-3DE49D578E47}.Debug|Any CPU.Build.0 = Debug|Any CPU
		{38ED16D1-1F06-86BF-419A-3DE49D578E47}.Release|Any CPU.ActiveCfg = Release|Any CPU
		{38ED16D1-1F06-86BF-419A-3DE49D578E47}.Release|Any CPU.Build.0 = Release|Any CPU
		{80720D6A-F12A-1DDE-C1C6-A2EDB9BD398C}.Debug|Any CPU.ActiveCfg = Debug|Any CPU
		{80720D6A-F12A-1DDE-C1C6-A2EDB9BD398C}.Debug|Any CPU.Build.0 = Debug|Any CPU
		{80720D6A-F12A-1DDE-C1C6-A2EDB9BD398C}.Release|Any CPU.ActiveCfg = Release|Any CPU
		{80720D6A-F12A-1DDE-C1C6-A2EDB9BD398C}.Release|Any CPU.Build.0 = Release|Any CPU
		{042AAE96-B445-59ED-F19F-CDDB353FF770}.Debug|Any CPU.ActiveCfg = Debug|Any CPU
		{042AAE96-B445-59ED-F19F-CDDB353FF770}.Debug|Any CPU.Build.0 = Debug|Any CPU
		{042AAE96-B445-59ED-F19F-CDDB353FF770}.Release|Any CPU.ActiveCfg = Release|Any CPU
		{042AAE96-B445-59ED-F19F-CDDB353FF770}.Release|Any CPU.Build.0 = Release|Any CPU
		{2293581C-00EE-1798-1AF2-FC4F0986154A}.Debug|Any CPU.ActiveCfg = Debug|Any CPU
		{2293581C-00EE-1798-1AF2-FC4F0986154A}.Debug|Any CPU.Build.0 = Debug|Any CPU
		{2293581C-00EE-1798-1AF2-FC4F0986154A}.Release|Any CPU.ActiveCfg = Release|Any CPU
		{2293581C-00EE-1798-1AF2-FC4F0986154A}.Release|Any CPU.Build.0 = Release|Any CPU
		{E58EC50A-4F6E-6366-11FA-CD5ABFDC40CA}.Debug|Any CPU.ActiveCfg = Debug|Any CPU
		{E58EC50A-4F6E-6366-11FA-CD5ABFDC40CA}.Debug|Any CPU.Build.0 = Debug|Any CPU
		{E58EC50A-4F6E-6366-11FA-CD5ABFDC40CA}.Release|Any CPU.ActiveCfg = Release|Any CPU
		{E58EC50A-4F6E-6366-11FA-CD5ABFDC40CA}.Release|Any CPU.Build.0 = Release|Any CPU
		{A539C7D6-BA2D-A7BA-B8CB-25530E41A497}.Debug|Any CPU.ActiveCfg = Debug|Any CPU
		{A539C7D6-BA2D-A7BA-B8CB-25530E41A497}.Debug|Any CPU.Build.0 = Debug|Any CPU
		{A539C7D6-BA2D-A7BA-B8CB-25530E41A497}.Release|Any CPU.ActiveCfg = Release|Any CPU
		{A539C7D6-BA2D-A7BA-B8CB-25530E41A497}.Release|Any CPU.Build.0 = Release|Any CPU
		{54B876A5-9A38-52A1-86AA-FB3D95110C69}.Debug|Any CPU.ActiveCfg = Debug|Any CPU
		{54B876A5-9A38-52A1-86AA-FB3D95110C69}.Debug|Any CPU.Build.0 = Debug|Any CPU
		{54B876A5-9A38-52A1-86AA-FB3D95110C69}.Release|Any CPU.ActiveCfg = Release|Any CPU
		{54B876A5-9A38-52A1-86AA-FB3D95110C69}.Release|Any CPU.Build.0 = Release|Any CPU
		{374791E9-A00C-3EA1-1F70-5592F52083D5}.Debug|Any CPU.ActiveCfg = Debug|Any CPU
		{374791E9-A00C-3EA1-1F70-5592F52083D5}.Debug|Any CPU.Build.0 = Debug|Any CPU
		{374791E9-A00C-3EA1-1F70-5592F52083D5}.Release|Any CPU.ActiveCfg = Release|Any CPU
		{374791E9-A00C-3EA1-1F70-5592F52083D5}.Release|Any CPU.Build.0 = Release|Any CPU
		{37B4A155-4116-CA6B-55D5-D165F2D50C30}.Debug|Any CPU.ActiveCfg = Debug|Any CPU
		{37B4A155-4116-CA6B-55D5-D165F2D50C30}.Debug|Any CPU.Build.0 = Debug|Any CPU
		{37B4A155-4116-CA6B-55D5-D165F2D50C30}.Release|Any CPU.ActiveCfg = Release|Any CPU
		{37B4A155-4116-CA6B-55D5-D165F2D50C30}.Release|Any CPU.Build.0 = Release|Any CPU
		{67E11A1C-DDDB-DFFD-E41A-B10B203FBAF5}.Debug|Any CPU.ActiveCfg = Debug|Any CPU
		{67E11A1C-DDDB-DFFD-E41A-B10B203FBAF5}.Debug|Any CPU.Build.0 = Debug|Any CPU
		{67E11A1C-DDDB-DFFD-E41A-B10B203FBAF5}.Release|Any CPU.ActiveCfg = Release|Any CPU
		{67E11A1C-DDDB-DFFD-E41A-B10B203FBAF5}.Release|Any CPU.Build.0 = Release|Any CPU
		{800D2830-E196-90D7-A02E-2262798E37F8}.Debug|Any CPU.ActiveCfg = Debug|Any CPU
		{800D2830-E196-90D7-A02E-2262798E37F8}.Debug|Any CPU.Build.0 = Debug|Any CPU
		{800D2830-E196-90D7-A02E-2262798E37F8}.Release|Any CPU.ActiveCfg = Release|Any CPU
		{800D2830-E196-90D7-A02E-2262798E37F8}.Release|Any CPU.Build.0 = Release|Any CPU
		{5C318B02-5578-F4C4-3EE3-EC068DE4CE6B}.Debug|Any CPU.ActiveCfg = Debug|Any CPU
		{5C318B02-5578-F4C4-3EE3-EC068DE4CE6B}.Debug|Any CPU.Build.0 = Debug|Any CPU
		{5C318B02-5578-F4C4-3EE3-EC068DE4CE6B}.Release|Any CPU.ActiveCfg = Release|Any CPU
		{5C318B02-5578-F4C4-3EE3-EC068DE4CE6B}.Release|Any CPU.Build.0 = Release|Any CPU
		{63E6BADC-C3C5-7FBE-ABC3-220BFFB1D20B}.Debug|Any CPU.ActiveCfg = Debug|Any CPU
		{63E6BADC-C3C5-7FBE-ABC3-220BFFB1D20B}.Debug|Any CPU.Build.0 = Debug|Any CPU
		{63E6BADC-C3C5-7FBE-ABC3-220BFFB1D20B}.Release|Any CPU.ActiveCfg = Release|Any CPU
		{63E6BADC-C3C5-7FBE-ABC3-220BFFB1D20B}.Release|Any CPU.Build.0 = Release|Any CPU
		{EFDC3C51-8D36-9A76-4C1C-2B65A8313E7F}.Debug|Any CPU.ActiveCfg = Debug|Any CPU
		{EFDC3C51-8D36-9A76-4C1C-2B65A8313E7F}.Debug|Any CPU.Build.0 = Debug|Any CPU
		{EFDC3C51-8D36-9A76-4C1C-2B65A8313E7F}.Release|Any CPU.ActiveCfg = Release|Any CPU
		{EFDC3C51-8D36-9A76-4C1C-2B65A8313E7F}.Release|Any CPU.Build.0 = Release|Any CPU
		{1B04DC57-4969-0C02-64F9-267D56368F40}.Debug|Any CPU.ActiveCfg = Debug|Any CPU
		{1B04DC57-4969-0C02-64F9-267D56368F40}.Debug|Any CPU.Build.0 = Debug|Any CPU
		{1B04DC57-4969-0C02-64F9-267D56368F40}.Release|Any CPU.ActiveCfg = Release|Any CPU
		{1B04DC57-4969-0C02-64F9-267D56368F40}.Release|Any CPU.Build.0 = Release|Any CPU
		{51B00872-C2F8-B15E-7B66-5EB19ECCBF30}.Debug|Any CPU.ActiveCfg = Debug|Any CPU
		{51B00872-C2F8-B15E-7B66-5EB19ECCBF30}.Debug|Any CPU.Build.0 = Debug|Any CPU
		{51B00872-C2F8-B15E-7B66-5EB19ECCBF30}.Release|Any CPU.ActiveCfg = Release|Any CPU
		{51B00872-C2F8-B15E-7B66-5EB19ECCBF30}.Release|Any CPU.Build.0 = Release|Any CPU
		{6C098988-6B17-8BC8-260E-9EECADD29771}.Debug|Any CPU.ActiveCfg = Debug|Any CPU
		{6C098988-6B17-8BC8-260E-9EECADD29771}.Debug|Any CPU.Build.0 = Debug|Any CPU
		{6C098988-6B17-8BC8-260E-9EECADD29771}.Release|Any CPU.ActiveCfg = Release|Any CPU
		{6C098988-6B17-8BC8-260E-9EECADD29771}.Release|Any CPU.Build.0 = Release|Any CPU
	EndGlobalSection
	GlobalSection(SolutionProperties) = preSolution
		HideSolutionNode = FALSE
	EndGlobalSection
EndGlobal
